
Microsoft Visual Studio Solution File, Format Version 12.00
# Visual Studio Version 17
VisualStudioVersion = 17.8.34330.188
MinimumVisualStudioVersion = 10.0.40219.1
Project("{2150E333-8FDC-42A3-9474-1A3956D46DE8}") = "Microservices", "Microservices", "{1912073E-E911-4E63-8A91-F14AA6490EEA}"
EndProject
Project("{2150E333-8FDC-42A3-9474-1A3956D46DE8}") = "Domain", "Domain", "{42F15F6A-ABB0-4980-ACDB-C58A91733C69}"
EndProject
Project("{2150E333-8FDC-42A3-9474-1A3956D46DE8}") = "Infra.Bus", "Infra.Bus", "{70FB78FD-5F4B-4724-B14E-EE80DA40B152}"
EndProject
Project("{2150E333-8FDC-42A3-9474-1A3956D46DE8}") = "Infra.IoC", "Infra.IoC", "{15DA1238-18B3-4AB2-96E5-3CB4894C9CF2}"
EndProject
Project("{2150E333-8FDC-42A3-9474-1A3956D46DE8}") = "Presentaion", "Presentaion", "{73F3EF83-64D1-4974-8DD1-90AD75AAE21B}"
EndProject
Project("{FAE04EC0-301F-11D3-BF4B-00C04F79EFBC}") = "MicroRabbit.Domain.Core", "MicroRabbit.Domain.Core\MicroRabbit.Domain.Core.csproj", "{4E2B3409-5058-4B5E-817E-773CDAFCE395}"
EndProject
Global
	GlobalSection(SolutionConfigurationPlatforms) = preSolution
		Debug|Any CPU = Debug|Any CPU
		Release|Any CPU = Release|Any CPU
	EndGlobalSection
	GlobalSection(ProjectConfigurationPlatforms) = postSolution
		{4E2B3409-5058-4B5E-817E-773CDAFCE395}.Debug|Any CPU.ActiveCfg = Debug|Any CPU
		{4E2B3409-5058-4B5E-817E-773CDAFCE395}.Debug|Any CPU.Build.0 = Debug|Any CPU
		{4E2B3409-5058-4B5E-817E-773CDAFCE395}.Release|Any CPU.ActiveCfg = Release|Any CPU
		{4E2B3409-5058-4B5E-817E-773CDAFCE395}.Release|Any CPU.Build.0 = Release|Any CPU
	EndGlobalSection
	GlobalSection(SolutionProperties) = preSolution
		HideSolutionNode = FALSE
	EndGlobalSection
	GlobalSection(NestedProjects) = preSolution
		{4E2B3409-5058-4B5E-817E-773CDAFCE395} = {42F15F6A-ABB0-4980-ACDB-C58A91733C69}
	EndGlobalSection
	GlobalSection(ExtensibilityGlobals) = postSolution
		SolutionGuid = {53C6ACEF-0ECD-4D64-8FF0-D13E53B235F0}
	EndGlobalSection
EndGlobal
