
Microsoft Visual Studio Solution File, Format Version 12.00
# Visual Studio Version 17
VisualStudioVersion = 17.8.34330.188
MinimumVisualStudioVersion = 10.0.40219.1
Project("{2150E333-8FDC-42A3-9474-1A3956D46DE8}") = "src", "src", "{69BFB9BB-80AD-4D18-B196-20C14F8CD46A}"
EndProject
Project("{2150E333-8FDC-42A3-9474-1A3956D46DE8}") = "Microservices", "Microservices", "{3F975002-C0B8-43D5-B037-631CE94455DB}"
EndProject
Project("{2150E333-8FDC-42A3-9474-1A3956D46DE8}") = "Banking", "Banking", "{0DFBA1F9-BD76-457E-B746-72B6223B65FA}"
EndProject
Project("{2150E333-8FDC-42A3-9474-1A3956D46DE8}") = "Api", "Api", "{F6CFACA1-0660-4CDF-AFB3-18829DF71299}"
EndProject
Project("{9A19103F-16F7-4668-BE54-9A1E7A4F7556}") = "MicroRabbit.Banking.Api", "src\Microservices\Banking\Api\MicroRabbit.Banking.Api\MicroRabbit.Banking.Api.csproj", "{293A5F2E-A892-4A46-A0CC-13C3D38F2628}"
EndProject
Project("{2150E333-8FDC-42A3-9474-1A3956D46DE8}") = "Application", "Application", "{AAC191B9-0E2B-48AB-8337-283F1046273D}"
EndProject
Project("{9A19103F-16F7-4668-BE54-9A1E7A4F7556}") = "MicroRabbit.Banking.Application", "src\Microservices\Banking\Application\MicroRabbit.Banking.Application\MicroRabbit.Banking.Application.csproj", "{DAFEE7A6-0B2F-49BC-B0C0-360B73886721}"
EndProject
Project("{2150E333-8FDC-42A3-9474-1A3956D46DE8}") = "Domain", "Domain", "{12D34199-0090-4E48-B039-2F902DDB3BEF}"
EndProject
Project("{9A19103F-16F7-4668-BE54-9A1E7A4F7556}") = "MicroRabbit.Banking.Domain", "src\Microservices\Banking\Domain\MicroRabbit.Banking.Domain\MicroRabbit.Banking.Domain.csproj", "{3CBDD499-CD60-4BCE-907F-D4BAFA0613F4}"
EndProject
Project("{2150E333-8FDC-42A3-9474-1A3956D46DE8}") = "Infrastructure", "Infrastructure", "{A5515939-72E7-40E6-8270-ECD2B997B839}"
EndProject
Project("{9A19103F-16F7-4668-BE54-9A1E7A4F7556}") = "MicroRabbit.Banking.Infrastructure", "src\Microservices\Banking\Infrastructure\MicroRabbit.Banking.Infrastructure\MicroRabbit.Banking.Infrastructure.csproj", "{AC2591B4-6C2E-45B5-9A5A-5CA332CE9627}"
EndProject
Project("{2150E333-8FDC-42A3-9474-1A3956D46DE8}") = "Domain", "Domain", "{FA04CAFD-A60C-4C89-8AE7-20ED7BB8F60F}"
EndProject
Project("{9A19103F-16F7-4668-BE54-9A1E7A4F7556}") = "MicroRabbit.Domain.Core", "src\Domain\MicroRabbit.Domain.Core\MicroRabbit.Domain.Core.csproj", "{9EBD9290-EDB1-4EA0-83F2-EFDD80A88CF7}"
EndProject
Project("{2150E333-8FDC-42A3-9474-1A3956D46DE8}") = "Infra.Bus", "Infra.Bus", "{7F29BB55-97BA-4782-9C05-EB7B197D61B9}"
EndProject
Project("{9A19103F-16F7-4668-BE54-9A1E7A4F7556}") = "MicroRabbit.Infra.Bus", "src\Infra.Bus\MicroRabbit.Infra.Bus\MicroRabbit.Infra.Bus.csproj", "{EE03363F-3808-4766-AC45-EB32505D6A8A}"
EndProject
Project("{2150E333-8FDC-42A3-9474-1A3956D46DE8}") = "Infra.IoC", "Infra.IoC", "{D005B352-7FCB-4727-A4E0-ACEB33A5D646}"
EndProject
Project("{9A19103F-16F7-4668-BE54-9A1E7A4F7556}") = "MicroRabbit.Infra.IoC", "src\Infra.IoC\MicroRabbit.Infra.IoC\MicroRabbit.Infra.IoC.csproj", "{CBCC60FC-E59B-4034-872F-FE1DB298003F}"
EndProject
Project("{2150E333-8FDC-42A3-9474-1A3956D46DE8}") = "Transfer", "Transfer", "{8C52945B-9AAE-48AB-86C1-B80A065B109F}"
	ProjectSection(SolutionItems) = preProject
		src\Microservices\Transfer\Readme.md = src\Microservices\Transfer\Readme.md
	EndProjectSection
EndProject
Project("{2150E333-8FDC-42A3-9474-1A3956D46DE8}") = "Application", "Application", "{5849CDB4-CD5E-4A6C-A473-111CF3B23556}"
EndProject
Project("{9A19103F-16F7-4668-BE54-9A1E7A4F7556}") = "MicroRabbit.Transfer.Application", "src\Microservices\Transfer\Application\MicroRabbit.Transfer.Application\MicroRabbit.Transfer.Application.csproj", "{668BF015-E389-4A9F-AC56-A7CF9F0ADDB0}"
EndProject
Project("{2150E333-8FDC-42A3-9474-1A3956D46DE8}") = "Domain", "Domain", "{232F6245-2835-4CA2-B7DA-80A5570BB350}"
EndProject
Project("{9A19103F-16F7-4668-BE54-9A1E7A4F7556}") = "MicroRabbit.Transfer.Domain", "src\Microservices\Transfer\Domain\MicroRabbit.Transfer.Domain\MicroRabbit.Transfer.Domain.csproj", "{C47B87BB-C9F9-4D56-BFD3-8B4E74863C81}"
EndProject
Project("{2150E333-8FDC-42A3-9474-1A3956D46DE8}") = "Data", "Data", "{18B657C6-4E64-4C25-90C0-0BD6B7AAB783}"
EndProject
Project("{9A19103F-16F7-4668-BE54-9A1E7A4F7556}") = "MicroRabbit.Transfer.Data", "src\Microservices\Transfer\Data\MicroRabbit.Transfer.Data\MicroRabbit.Transfer.Data.csproj", "{FA513973-E6D1-448F-97A5-C044FF680565}"
EndProject
Project("{2150E333-8FDC-42A3-9474-1A3956D46DE8}") = "Api", "Api", "{A4767003-F7A3-4692-941F-47695078F363}"
EndProject
Project("{9A19103F-16F7-4668-BE54-9A1E7A4F7556}") = "MicroRabbit.Transfer.Api", "src\Microservices\Transfer\Api\MicroRabbit.Transfer.Api\MicroRabbit.Transfer.Api.csproj", "{F49E9566-36DD-408F-B129-F7A4706BEEFC}"
EndProject
Project("{2150E333-8FDC-42A3-9474-1A3956D46DE8}") = "Presentation", "Presentation", "{FC77F2B5-D4D0-4A9E-BCD3-6E71D4D2FC82}"
EndProject
Project("{9A19103F-16F7-4668-BE54-9A1E7A4F7556}") = "MicroRabbit.MVC", "src\Presentation\MicroRabbit.MVC\MicroRabbit.MVC.csproj", "{E792CAA5-8B18-4EF9-B5ED-67DCB5FA3CF6}"
EndProject
Project("{2150E333-8FDC-42A3-9474-1A3956D46DE8}") = "Solution Items", "Solution Items", "{DD38D459-CAE9-4A9C-AAA5-E7B3CD2C4F50}"
	ProjectSection(SolutionItems) = preProject
		.gitattributes = .gitattributes
		.gitignore = .gitignore
		LICENSE.txt = LICENSE.txt
		Readme.md = Readme.md
		TODO.txt = TODO.txt
	EndProjectSection
EndProject
Project("{2150E333-8FDC-42A3-9474-1A3956D46DE8}") = "ApiGateway", "ApiGateway", "{842F34DA-65DB-420A-9402-42B48F009AF9}"
EndProject
Project("{FAE04EC0-301F-11D3-BF4B-00C04F79EFBC}") = "MicroRabbit.OcelotGateway.Api", "src\Microservices\ApiGateway\MicroRabbit.OcelotGateway.Api\MicroRabbit.OcelotGateway.Api.csproj", "{D44A5D77-7480-4CEE-AE38-78A1522F4966}"
EndProject
Global
	GlobalSection(SolutionConfigurationPlatforms) = preSolution
		Debug|Any CPU = Debug|Any CPU
		Release|Any CPU = Release|Any CPU
	EndGlobalSection
	GlobalSection(ProjectConfigurationPlatforms) = postSolution
		{293A5F2E-A892-4A46-A0CC-13C3D38F2628}.Debug|Any CPU.ActiveCfg = Debug|Any CPU
		{293A5F2E-A892-4A46-A0CC-13C3D38F2628}.Debug|Any CPU.Build.0 = Debug|Any CPU
		{293A5F2E-A892-4A46-A0CC-13C3D38F2628}.Release|Any CPU.ActiveCfg = Release|Any CPU
		{293A5F2E-A892-4A46-A0CC-13C3D38F2628}.Release|Any CPU.Build.0 = Release|Any CPU
		{DAFEE7A6-0B2F-49BC-B0C0-360B73886721}.Debug|Any CPU.ActiveCfg = Debug|Any CPU
		{DAFEE7A6-0B2F-49BC-B0C0-360B73886721}.Debug|Any CPU.Build.0 = Debug|Any CPU
		{DAFEE7A6-0B2F-49BC-B0C0-360B73886721}.Release|Any CPU.ActiveCfg = Release|Any CPU
		{DAFEE7A6-0B2F-49BC-B0C0-360B73886721}.Release|Any CPU.Build.0 = Release|Any CPU
		{3CBDD499-CD60-4BCE-907F-D4BAFA0613F4}.Debug|Any CPU.ActiveCfg = Debug|Any CPU
		{3CBDD499-CD60-4BCE-907F-D4BAFA0613F4}.Debug|Any CPU.Build.0 = Debug|Any CPU
		{3CBDD499-CD60-4BCE-907F-D4BAFA0613F4}.Release|Any CPU.ActiveCfg = Release|Any CPU
		{3CBDD499-CD60-4BCE-907F-D4BAFA0613F4}.Release|Any CPU.Build.0 = Release|Any CPU
		{AC2591B4-6C2E-45B5-9A5A-5CA332CE9627}.Debug|Any CPU.ActiveCfg = Debug|Any CPU
		{AC2591B4-6C2E-45B5-9A5A-5CA332CE9627}.Debug|Any CPU.Build.0 = Debug|Any CPU
		{AC2591B4-6C2E-45B5-9A5A-5CA332CE9627}.Release|Any CPU.ActiveCfg = Release|Any CPU
		{AC2591B4-6C2E-45B5-9A5A-5CA332CE9627}.Release|Any CPU.Build.0 = Release|Any CPU
		{9EBD9290-EDB1-4EA0-83F2-EFDD80A88CF7}.Debug|Any CPU.ActiveCfg = Debug|Any CPU
		{9EBD9290-EDB1-4EA0-83F2-EFDD80A88CF7}.Debug|Any CPU.Build.0 = Debug|Any CPU
		{9EBD9290-EDB1-4EA0-83F2-EFDD80A88CF7}.Release|Any CPU.ActiveCfg = Release|Any CPU
		{9EBD9290-EDB1-4EA0-83F2-EFDD80A88CF7}.Release|Any CPU.Build.0 = Release|Any CPU
		{EE03363F-3808-4766-AC45-EB32505D6A8A}.Debug|Any CPU.ActiveCfg = Debug|Any CPU
		{EE03363F-3808-4766-AC45-EB32505D6A8A}.Debug|Any CPU.Build.0 = Debug|Any CPU
		{EE03363F-3808-4766-AC45-EB32505D6A8A}.Release|Any CPU.ActiveCfg = Release|Any CPU
		{EE03363F-3808-4766-AC45-EB32505D6A8A}.Release|Any CPU.Build.0 = Release|Any CPU
		{CBCC60FC-E59B-4034-872F-FE1DB298003F}.Debug|Any CPU.ActiveCfg = Debug|Any CPU
		{CBCC60FC-E59B-4034-872F-FE1DB298003F}.Debug|Any CPU.Build.0 = Debug|Any CPU
		{CBCC60FC-E59B-4034-872F-FE1DB298003F}.Release|Any CPU.ActiveCfg = Release|Any CPU
		{CBCC60FC-E59B-4034-872F-FE1DB298003F}.Release|Any CPU.Build.0 = Release|Any CPU
		{668BF015-E389-4A9F-AC56-A7CF9F0ADDB0}.Debug|Any CPU.ActiveCfg = Debug|Any CPU
		{668BF015-E389-4A9F-AC56-A7CF9F0ADDB0}.Debug|Any CPU.Build.0 = Debug|Any CPU
		{668BF015-E389-4A9F-AC56-A7CF9F0ADDB0}.Release|Any CPU.ActiveCfg = Release|Any CPU
		{668BF015-E389-4A9F-AC56-A7CF9F0ADDB0}.Release|Any CPU.Build.0 = Release|Any CPU
		{C47B87BB-C9F9-4D56-BFD3-8B4E74863C81}.Debug|Any CPU.ActiveCfg = Debug|Any CPU
		{C47B87BB-C9F9-4D56-BFD3-8B4E74863C81}.Debug|Any CPU.Build.0 = Debug|Any CPU
		{C47B87BB-C9F9-4D56-BFD3-8B4E74863C81}.Release|Any CPU.ActiveCfg = Release|Any CPU
		{C47B87BB-C9F9-4D56-BFD3-8B4E74863C81}.Release|Any CPU.Build.0 = Release|Any CPU
		{FA513973-E6D1-448F-97A5-C044FF680565}.Debug|Any CPU.ActiveCfg = Debug|Any CPU
		{FA513973-E6D1-448F-97A5-C044FF680565}.Debug|Any CPU.Build.0 = Debug|Any CPU
		{FA513973-E6D1-448F-97A5-C044FF680565}.Release|Any CPU.ActiveCfg = Release|Any CPU
		{FA513973-E6D1-448F-97A5-C044FF680565}.Release|Any CPU.Build.0 = Release|Any CPU
		{F49E9566-36DD-408F-B129-F7A4706BEEFC}.Debug|Any CPU.ActiveCfg = Debug|Any CPU
		{F49E9566-36DD-408F-B129-F7A4706BEEFC}.Debug|Any CPU.Build.0 = Debug|Any CPU
		{F49E9566-36DD-408F-B129-F7A4706BEEFC}.Release|Any CPU.ActiveCfg = Release|Any CPU
		{F49E9566-36DD-408F-B129-F7A4706BEEFC}.Release|Any CPU.Build.0 = Release|Any CPU
		{E792CAA5-8B18-4EF9-B5ED-67DCB5FA3CF6}.Debug|Any CPU.ActiveCfg = Debug|Any CPU
		{E792CAA5-8B18-4EF9-B5ED-67DCB5FA3CF6}.Debug|Any CPU.Build.0 = Debug|Any CPU
		{E792CAA5-8B18-4EF9-B5ED-67DCB5FA3CF6}.Release|Any CPU.ActiveCfg = Release|Any CPU
		{E792CAA5-8B18-4EF9-B5ED-67DCB5FA3CF6}.Release|Any CPU.Build.0 = Release|Any CPU
		{D44A5D77-7480-4CEE-AE38-78A1522F4966}.Debug|Any CPU.ActiveCfg = Debug|Any CPU
		{D44A5D77-7480-4CEE-AE38-78A1522F4966}.Debug|Any CPU.Build.0 = Debug|Any CPU
		{D44A5D77-7480-4CEE-AE38-78A1522F4966}.Release|Any CPU.ActiveCfg = Release|Any CPU
		{D44A5D77-7480-4CEE-AE38-78A1522F4966}.Release|Any CPU.Build.0 = Release|Any CPU
	EndGlobalSection
	GlobalSection(SolutionProperties) = preSolution
		HideSolutionNode = FALSE
	EndGlobalSection
	GlobalSection(NestedProjects) = preSolution
		{3F975002-C0B8-43D5-B037-631CE94455DB} = {69BFB9BB-80AD-4D18-B196-20C14F8CD46A}
		{0DFBA1F9-BD76-457E-B746-72B6223B65FA} = {3F975002-C0B8-43D5-B037-631CE94455DB}
		{F6CFACA1-0660-4CDF-AFB3-18829DF71299} = {0DFBA1F9-BD76-457E-B746-72B6223B65FA}
		{293A5F2E-A892-4A46-A0CC-13C3D38F2628} = {F6CFACA1-0660-4CDF-AFB3-18829DF71299}
		{AAC191B9-0E2B-48AB-8337-283F1046273D} = {0DFBA1F9-BD76-457E-B746-72B6223B65FA}
		{DAFEE7A6-0B2F-49BC-B0C0-360B73886721} = {AAC191B9-0E2B-48AB-8337-283F1046273D}
		{12D34199-0090-4E48-B039-2F902DDB3BEF} = {0DFBA1F9-BD76-457E-B746-72B6223B65FA}
		{3CBDD499-CD60-4BCE-907F-D4BAFA0613F4} = {12D34199-0090-4E48-B039-2F902DDB3BEF}
		{A5515939-72E7-40E6-8270-ECD2B997B839} = {0DFBA1F9-BD76-457E-B746-72B6223B65FA}
		{AC2591B4-6C2E-45B5-9A5A-5CA332CE9627} = {A5515939-72E7-40E6-8270-ECD2B997B839}
		{FA04CAFD-A60C-4C89-8AE7-20ED7BB8F60F} = {69BFB9BB-80AD-4D18-B196-20C14F8CD46A}
		{9EBD9290-EDB1-4EA0-83F2-EFDD80A88CF7} = {FA04CAFD-A60C-4C89-8AE7-20ED7BB8F60F}
		{7F29BB55-97BA-4782-9C05-EB7B197D61B9} = {69BFB9BB-80AD-4D18-B196-20C14F8CD46A}
		{EE03363F-3808-4766-AC45-EB32505D6A8A} = {7F29BB55-97BA-4782-9C05-EB7B197D61B9}
		{D005B352-7FCB-4727-A4E0-ACEB33A5D646} = {69BFB9BB-80AD-4D18-B196-20C14F8CD46A}
		{CBCC60FC-E59B-4034-872F-FE1DB298003F} = {D005B352-7FCB-4727-A4E0-ACEB33A5D646}
		{8C52945B-9AAE-48AB-86C1-B80A065B109F} = {3F975002-C0B8-43D5-B037-631CE94455DB}
		{5849CDB4-CD5E-4A6C-A473-111CF3B23556} = {8C52945B-9AAE-48AB-86C1-B80A065B109F}
		{668BF015-E389-4A9F-AC56-A7CF9F0ADDB0} = {5849CDB4-CD5E-4A6C-A473-111CF3B23556}
		{232F6245-2835-4CA2-B7DA-80A5570BB350} = {8C52945B-9AAE-48AB-86C1-B80A065B109F}
		{C47B87BB-C9F9-4D56-BFD3-8B4E74863C81} = {232F6245-2835-4CA2-B7DA-80A5570BB350}
		{18B657C6-4E64-4C25-90C0-0BD6B7AAB783} = {8C52945B-9AAE-48AB-86C1-B80A065B109F}
		{FA513973-E6D1-448F-97A5-C044FF680565} = {18B657C6-4E64-4C25-90C0-0BD6B7AAB783}
		{A4767003-F7A3-4692-941F-47695078F363} = {8C52945B-9AAE-48AB-86C1-B80A065B109F}
		{F49E9566-36DD-408F-B129-F7A4706BEEFC} = {A4767003-F7A3-4692-941F-47695078F363}
		{FC77F2B5-D4D0-4A9E-BCD3-6E71D4D2FC82} = {69BFB9BB-80AD-4D18-B196-20C14F8CD46A}
		{E792CAA5-8B18-4EF9-B5ED-67DCB5FA3CF6} = {FC77F2B5-D4D0-4A9E-BCD3-6E71D4D2FC82}
		{842F34DA-65DB-420A-9402-42B48F009AF9} = {3F975002-C0B8-43D5-B037-631CE94455DB}
		{D44A5D77-7480-4CEE-AE38-78A1522F4966} = {842F34DA-65DB-420A-9402-42B48F009AF9}
	EndGlobalSection
	GlobalSection(ExtensibilityGlobals) = postSolution
		SolutionGuid = {53C6ACEF-0ECD-4D64-8FF0-D13E53B235F0}
	EndGlobalSection
EndGlobal
